
Microsoft Visual Studio Solution File, Format Version 12.00
# Visual Studio 15
VisualStudioVersion = 15.0.28307.1972
MinimumVisualStudioVersion = 10.0.40219.1
Project("{FAE04EC0-301F-11D3-BF4B-00C04F79EFBC}") = "BasicJab", "BasicJab\BasicJab.csproj", "{E44F9FCE-E15D-4ED1-B0CF-33DF0C1428C8}"
	ProjectSection(ProjectDependencies) = postProject
		{B324D709-F29C-45C6-9399-D93135BE85FE} = {B324D709-F29C-45C6-9399-D93135BE85FE}
	EndProjectSection
EndProject
Project("{FAE04EC0-301F-11D3-BF4B-00C04F79EFBC}") = "WindowsAccessBridgeInterop", "WindowsAccessBridgeInterop\WindowsAccessBridgeInterop.csproj", "{B324D709-F29C-45C6-9399-D93135BE85FE}"
EndProject
Project("{FAE04EC0-301F-11D3-BF4B-00C04F79EFBC}") = "JabSharp.Test", "JabSharp.Test\JabSharp.Test.csproj", "{001968C7-883E-47E2-BA21-6B7BA9FA52B6}"
EndProject
Global
	GlobalSection(SolutionConfigurationPlatforms) = preSolution
		Debug|Any CPU = Debug|Any CPU
		Release|Any CPU = Release|Any CPU
	EndGlobalSection
	GlobalSection(ProjectConfigurationPlatforms) = postSolution
		{E44F9FCE-E15D-4ED1-B0CF-33DF0C1428C8}.Debug|Any CPU.ActiveCfg = Debug|Any CPU
		{E44F9FCE-E15D-4ED1-B0CF-33DF0C1428C8}.Debug|Any CPU.Build.0 = Debug|Any CPU
		{E44F9FCE-E15D-4ED1-B0CF-33DF0C1428C8}.Release|Any CPU.ActiveCfg = Release|Any CPU
		{E44F9FCE-E15D-4ED1-B0CF-33DF0C1428C8}.Release|Any CPU.Build.0 = Release|Any CPU
		{B324D709-F29C-45C6-9399-D93135BE85FE}.Debug|Any CPU.ActiveCfg = Debug|Any CPU
		{B324D709-F29C-45C6-9399-D93135BE85FE}.Debug|Any CPU.Build.0 = Debug|Any CPU
		{B324D709-F29C-45C6-9399-D93135BE85FE}.Release|Any CPU.ActiveCfg = Release|Any CPU
		{B324D709-F29C-45C6-9399-D93135BE85FE}.Release|Any CPU.Build.0 = Release|Any CPU
		{001968C7-883E-47E2-BA21-6B7BA9FA52B6}.Debug|Any CPU.ActiveCfg = Debug|Any CPU
		{001968C7-883E-47E2-BA21-6B7BA9FA52B6}.Debug|Any CPU.Build.0 = Debug|Any CPU
		{001968C7-883E-47E2-BA21-6B7BA9FA52B6}.Release|Any CPU.ActiveCfg = Release|Any CPU
		{001968C7-883E-47E2-BA21-6B7BA9FA52B6}.Release|Any CPU.Build.0 = Release|Any CPU
	EndGlobalSection
	GlobalSection(SolutionProperties) = preSolution
		HideSolutionNode = FALSE
	EndGlobalSection
	GlobalSection(ExtensibilityGlobals) = postSolution
		SolutionGuid = {03CFEB6C-9E50-4AB2-9FA1-C56159E5391D}
	EndGlobalSection
EndGlobal
